
Microsoft Visual Studio Solution File, Format Version 12.00
# Visual Studio Version 17
VisualStudioVersion = 17.0.31903.59
MinimumVisualStudioVersion = 10.0.40219.1
Project("{9A19103F-16F7-4668-BE54-9A1E7A4F7556}") = "WebApi", "WebApi\WebApi.csproj", "{62138D56-16D5-4236-9618-172AE5FE1A9A}"
EndProject
Project("{9A19103F-16F7-4668-BE54-9A1E7A4F7556}") = "Entities", "Entities\Entities.csproj", "{3BD045F1-783A-4BC8-A17E-442C891139A1}"
EndProject
Project("{9A19103F-16F7-4668-BE54-9A1E7A4F7556}") = "Repositories", "Repositories\Repositories.csproj", "{6B827415-BA31-4B0F-9B6E-DC3637A45941}"
EndProject
Project("{FAE04EC0-301F-11D3-BF4B-00C04F79EFBC}") = "Services", "Services\Services.csproj", "{192D0B9D-39DC-4D68-94E0-C464E4DC42AA}"
EndProject
Project("{FAE04EC0-301F-11D3-BF4B-00C04F79EFBC}") = "Presentation", "Presentation\Presentation.csproj", "{A4441B26-F44F-415C-B3DE-1410198B9357}"
EndProject
Global
	GlobalSection(SolutionConfigurationPlatforms) = preSolution
		Debug|Any CPU = Debug|Any CPU
		Release|Any CPU = Release|Any CPU
	EndGlobalSection
	GlobalSection(ProjectConfigurationPlatforms) = postSolution
		{62138D56-16D5-4236-9618-172AE5FE1A9A}.Debug|Any CPU.ActiveCfg = Debug|Any CPU
		{62138D56-16D5-4236-9618-172AE5FE1A9A}.Debug|Any CPU.Build.0 = Debug|Any CPU
		{62138D56-16D5-4236-9618-172AE5FE1A9A}.Release|Any CPU.ActiveCfg = Release|Any CPU
		{62138D56-16D5-4236-9618-172AE5FE1A9A}.Release|Any CPU.Build.0 = Release|Any CPU
		{3BD045F1-783A-4BC8-A17E-442C891139A1}.Debug|Any CPU.ActiveCfg = Debug|Any CPU
		{3BD045F1-783A-4BC8-A17E-442C891139A1}.Debug|Any CPU.Build.0 = Debug|Any CPU
		{3BD045F1-783A-4BC8-A17E-442C891139A1}.Release|Any CPU.ActiveCfg = Release|Any CPU
		{3BD045F1-783A-4BC8-A17E-442C891139A1}.Release|Any CPU.Build.0 = Release|Any CPU
		{6B827415-BA31-4B0F-9B6E-DC3637A45941}.Debug|Any CPU.ActiveCfg = Debug|Any CPU
		{6B827415-BA31-4B0F-9B6E-DC3637A45941}.Debug|Any CPU.Build.0 = Debug|Any CPU
		{6B827415-BA31-4B0F-9B6E-DC3637A45941}.Release|Any CPU.ActiveCfg = Release|Any CPU
		{6B827415-BA31-4B0F-9B6E-DC3637A45941}.Release|Any CPU.Build.0 = Release|Any CPU
		{192D0B9D-39DC-4D68-94E0-C464E4DC42AA}.Debug|Any CPU.ActiveCfg = Debug|Any CPU
		{192D0B9D-39DC-4D68-94E0-C464E4DC42AA}.Debug|Any CPU.Build.0 = Debug|Any CPU
		{192D0B9D-39DC-4D68-94E0-C464E4DC42AA}.Release|Any CPU.ActiveCfg = Release|Any CPU
		{192D0B9D-39DC-4D68-94E0-C464E4DC42AA}.Release|Any CPU.Build.0 = Release|Any CPU
		{A4441B26-F44F-415C-B3DE-1410198B9357}.Debug|Any CPU.ActiveCfg = Debug|Any CPU
		{A4441B26-F44F-415C-B3DE-1410198B9357}.Debug|Any CPU.Build.0 = Debug|Any CPU
		{A4441B26-F44F-415C-B3DE-1410198B9357}.Release|Any CPU.ActiveCfg = Release|Any CPU
		{A4441B26-F44F-415C-B3DE-1410198B9357}.Release|Any CPU.Build.0 = Release|Any CPU
	EndGlobalSection
	GlobalSection(SolutionProperties) = preSolution
		HideSolutionNode = FALSE
	EndGlobalSection
	GlobalSection(ExtensibilityGlobals) = postSolution
		SolutionGuid = {A9A040D7-1BD2-4ED6-828B-626B91B9ED14}
	EndGlobalSection
EndGlobal
